
Microsoft Visual Studio Solution File, Format Version 12.00
# Visual Studio Version 16
VisualStudioVersion = 16.0.29123.88
MinimumVisualStudioVersion = 10.0.40219.1
Project("{FAE04EC0-301F-11D3-BF4B-00C04F79EFBC}") = "SummerUniPreAssignment", "SummerUniPreAssignment\SummerUniPreAssignment.csproj", "{A5B0B070-8BB1-4BD6-BDEA-83043BA020B4}"
EndProject
Global
	GlobalSection(SolutionConfigurationPlatforms) = preSolution
		Debug|Any CPU = Debug|Any CPU
		Release|Any CPU = Release|Any CPU
	EndGlobalSection
	GlobalSection(ProjectConfigurationPlatforms) = postSolution
		{A5B0B070-8BB1-4BD6-BDEA-83043BA020B4}.Debug|Any CPU.ActiveCfg = Debug|Any CPU
		{A5B0B070-8BB1-4BD6-BDEA-83043BA020B4}.Debug|Any CPU.Build.0 = Debug|Any CPU
		{A5B0B070-8BB1-4BD6-BDEA-83043BA020B4}.Release|Any CPU.ActiveCfg = Release|Any CPU
		{A5B0B070-8BB1-4BD6-BDEA-83043BA020B4}.Release|Any CPU.Build.0 = Release|Any CPU
	EndGlobalSection
	GlobalSection(SolutionProperties) = preSolution
		HideSolutionNode = FALSE
	EndGlobalSection
	GlobalSection(ExtensibilityGlobals) = postSolution
		SolutionGuid = {0070A6AF-D874-465A-83B2-C27664447200}
	EndGlobalSection
EndGlobal
